
Microsoft Visual Studio Solution File, Format Version 12.00
# Visual Studio Version 16
VisualStudioVersion = 16.0.29009.5
MinimumVisualStudioVersion = 10.0.40219.1
Project("{FAE04EC0-301F-11D3-BF4B-00C04F79EFBC}") = "BookInventory", "BookInventory.csproj", "{5D71C890-9506-49CA-B440-315A0961D905}"
EndProject
Global
	GlobalSection(SolutionConfigurationPlatforms) = preSolution
		Debug|Any CPU = Debug|Any CPU
		Release|Any CPU = Release|Any CPU
	EndGlobalSection
	GlobalSection(ProjectConfigurationPlatforms) = postSolution
		{5D71C890-9506-49CA-B440-315A0961D905}.Debug|Any CPU.ActiveCfg = Debug|Any CPU
		{5D71C890-9506-49CA-B440-315A0961D905}.Debug|Any CPU.Build.0 = Debug|Any CPU
		{5D71C890-9506-49CA-B440-315A0961D905}.Release|Any CPU.ActiveCfg = Release|Any CPU
		{5D71C890-9506-49CA-B440-315A0961D905}.Release|Any CPU.Build.0 = Release|Any CPU
	EndGlobalSection
	GlobalSection(SolutionProperties) = preSolution
		HideSolutionNode = FALSE
	EndGlobalSection
	GlobalSection(ExtensibilityGlobals) = postSolution
		SolutionGuid = {B087B792-5617-461A-B441-81F1A9C7D041}
	EndGlobalSection
EndGlobal
