
Microsoft Visual Studio Solution File, Format Version 12.00
# Visual Studio Version 16
VisualStudioVersion = 16.0.29009.5
MinimumVisualStudioVersion = 10.0.40219.1
Project("{FAE04EC0-301F-11D3-BF4B-00C04F79EFBC}") = "HelloWorld", "HelloWorld\HelloWorld.csproj", "{274A2BAE-FD0D-46C6-B4B4-EF20ED013640}"
EndProject
Global
	GlobalSection(SolutionConfigurationPlatforms) = preSolution
		Debug|Any CPU = Debug|Any CPU
		Release|Any CPU = Release|Any CPU
	EndGlobalSection
	GlobalSection(ProjectConfigurationPlatforms) = postSolution
		{274A2BAE-FD0D-46C6-B4B4-EF20ED013640}.Debug|Any CPU.ActiveCfg = Debug|Any CPU
		{274A2BAE-FD0D-46C6-B4B4-EF20ED013640}.Debug|Any CPU.Build.0 = Debug|Any CPU
		{274A2BAE-FD0D-46C6-B4B4-EF20ED013640}.Release|Any CPU.ActiveCfg = Release|Any CPU
		{274A2BAE-FD0D-46C6-B4B4-EF20ED013640}.Release|Any CPU.Build.0 = Release|Any CPU
	EndGlobalSection
	GlobalSection(SolutionProperties) = preSolution
		HideSolutionNode = FALSE
	EndGlobalSection
	GlobalSection(ExtensibilityGlobals) = postSolution
		SolutionGuid = {5542A89C-B9BA-470E-A581-CF164E479A98}
	EndGlobalSection
EndGlobal
